{
  "name": "@mailo/utilities",
  "version": "1.0.0",
  "lockfileVersion": 2,
  "requires": true,
  "packages": {
    "": {
      "name": "@mailo/utilities",
      "version": "1.0.0",
      "license": "MIT",
      "dependencies": {
        "@mailo/front": "../front",
        "ace-builds": "^1.4.13",
        "marked": "^4.0.9"
      }
    },
    "../front": {
      "name": "@mailo/front",
      "version": "1.0.0",
      "license": "MIT"
    },
    "node_modules/@mailo/front": {
      "resolved": "../front",
      "link": true
    },
    "node_modules/ace-builds": {
      "version": "1.4.13",
      "resolved": "https://registry.npmjs.org/ace-builds/-/ace-builds-1.4.13.tgz",
      "integrity": "sha512-SOLzdaQkY6ecPKYRDDg+MY1WoGgXA34cIvYJNNoBMGGUswHmlauU2Hy0UL96vW0Fs/LgFbMUjD+6vqzWTldIYQ=="
    },
    "node_modules/marked": {
      "version": "4.0.9",
      "resolved": "https://registry.npmjs.org/marked/-/marked-4.0.9.tgz",
      "integrity": "sha512-HmoFvQwFLxNESeGupeOC+6CLb5WzcCWQmqvVetsErmrI3vrZ6gBumty5IP0ynLPR0zYSoVY7ITC1GffsYIGkog==",
      "bin": {
        "marked": "bin/marked.js"
      },
      "engines": {
        "node": ">= 12"
      }
    }
  },
  "dependencies": {
    "@mailo/front": {
      "version": "file:../front"
    },
    "ace-builds": {
      "version": "1.4.13",
      "resolved": "https://registry.npmjs.org/ace-builds/-/ace-builds-1.4.13.tgz",
      "integrity": "sha512-SOLzdaQkY6ecPKYRDDg+MY1WoGgXA34cIvYJNNoBMGGUswHmlauU2Hy0UL96vW0Fs/LgFbMUjD+6vqzWTldIYQ=="
    },
    "marked": {
      "version": "4.0.9",
      "resolved": "https://registry.npmjs.org/marked/-/marked-4.0.9.tgz",
      "integrity": "sha512-HmoFvQwFLxNESeGupeOC+6CLb5WzcCWQmqvVetsErmrI3vrZ6gBumty5IP0ynLPR0zYSoVY7ITC1GffsYIGkog=="
    }
  }
}
